PODS:
<<<<<<< HEAD
  - Flutter (1.0.0)
  - GoogleUtilities/Environment (7.11.5):
    - PromisesObjC (< 3.0, >= 1.2)
  - GoogleUtilities/Logger (7.11.5):
    - GoogleUtilities/Environment
  - "GoogleUtilities/NSData+zlib (7.11.5)"
  - PromisesObjC (2.3.1)

DEPENDENCIES:
  - Flutter (from `Flutter`)

SPEC REPOS:
  trunk:
    - GoogleUtilities
    - PromisesObjC

EXTERNAL SOURCES:
=======
  - Flutter (1.0.0)

DEPENDENCIES:
  - Flutter (from `Flutter`)

EXTERNAL SOURCES:
>>>>>>> 8d1838801f7e8da1ee1adc27fb7b45ab1d0055d0
  Flutter:
    :path: Flutter

SPEC CHECKSUMS:
<<<<<<< HEAD
  Flutter: f04841e97a9d0b0a8025694d0796dd46242b2854
  GoogleUtilities: 13e2c67ede716b8741c7989e26893d151b2b2084
  PromisesObjC: c50d2056b5253dadbd6c2bea79b0674bd5a52fa4

PODFILE CHECKSUM: 70d9d25280d0dd177a5f637cdb0f0b0b12c6a189

COCOAPODS: 1.13.0
=======
  Flutter: f04841e97a9d0b0a8025694d0796dd46242b2854

PODFILE CHECKSUM: 70d9d25280d0dd177a5f637cdb0f0b0b12c6a189

COCOAPODS: 1.12.1
>>>>>>> 8d1838801f7e8da1ee1adc27fb7b45ab1d0055d0
